// !$*UTF8*$!
{
	archiveVersion = 1;
	classes = {
	};
	objectVersion = 50;
	objects = {

/* Begin PBXBuildFile section */
		5B38FD9E2394B3DF003025B7 /* EmployeeCollectionViewCell.swift in Sources */ = {isa = PBXBuildFile; fileRef = 5B38FD9D2394B3DF003025B7 /* EmployeeCollectionViewCell.swift */; };
		5BF99C3723942A0300399ABC /* AppDelegate.swift in Sources */ = {isa = PBXBuildFile; fileRef = 5BF99C3623942A0300399ABC /* AppDelegate.swift */; };
		5BF99C3923942A0300399ABC /* SceneDelegate.swift in Sources */ = {isa = PBXBuildFile; fileRef = 5BF99C3823942A0300399ABC /* SceneDelegate.swift */; };
		5BF99C3B23942A0300399ABC /* Home.swift in Sources */ = {isa = PBXBuildFile; fileRef = 5BF99C3A23942A0300399ABC /* Home.swift */; };
		5BF99C3E23942A0300399ABC /* Main.storyboard in Resources */ = {isa = PBXBuildFile; fileRef = 5BF99C3C23942A0300399ABC /* Main.storyboard */; };
		5BF99C4123942A0300399ABC /* KGIEmployee.xcdatamodeld in Sources */ = {isa = PBXBuildFile; fileRef = 5BF99C3F23942A0300399ABC /* KGIEmployee.xcdatamodeld */; };
		5BF99C4323942A0800399ABC /* Assets.xcassets in Resources */ = {isa = PBXBuildFile; fileRef = 5BF99C4223942A0800399ABC /* Assets.xcassets */; };
		5BF99C4623942A0800399ABC /* LaunchScreen.storyboard in Resources */ = {isa = PBXBuildFile; fileRef = 5BF99C4423942A0800399ABC /* LaunchScreen.storyboard */; };
		5BF99C5123942ACA00399ABC /* Employee.swift in Sources */ = {isa = PBXBuildFile; fileRef = 5BF99C5023942ACA00399ABC /* Employee.swift */; };
		5BF99C5323942C1800399ABC /* DBEmployee.swift in Sources */ = {isa = PBXBuildFile; fileRef = 5BF99C5223942C1800399ABC /* DBEmployee.swift */; };
/* End PBXBuildFile section */

/* Begin PBXFileReference section */
		5B38FD9D2394B3DF003025B7 /* EmployeeCollectionViewCell.swift */ = {isa = PBXFileReference; lastKnownFileType = sourcecode.swift; path = EmployeeCollectionViewCell.swift; sourceTree = "<group>"; };
		5BF99C3323942A0300399ABC /* KGIEmployee.app */ = {isa = PBXFileReference; explicitFileType = wrapper.application; includeInIndex = 0; path = KGIEmployee.app; sourceTree = BUILT_PRODUCTS_DIR; };
		5BF99C3623942A0300399ABC /* AppDelegate.swift */ = {isa = PBXFileReference; lastKnownFileType = sourcecode.swift; path = AppDelegate.swift; sourceTree = "<group>"; };
		5BF99C3823942A0300399ABC /* SceneDelegate.swift */ = {isa = PBXFileReference; lastKnownFileType = sourcecode.swift; path = SceneDelegate.swift; sourceTree = "<group>"; };
		5BF99C3A23942A0300399ABC /* Home.swift */ = {isa = PBXFileReference; lastKnownFileType = sourcecode.swift; path = Home.swift; sourceTree = "<group>"; };
		5BF99C3D23942A0300399ABC /* Base */ = {isa = PBXFileReference; lastKnownFileType = file.storyboard; name = Base; path = Base.lproj/Main.storyboard; sourceTree = "<group>"; };
		5BF99C4023942A0300399ABC /* KGIEmployee.xcdatamodel */ = {isa = PBXFileReference; lastKnownFileType = wrapper.xcdatamodel; path = KGIEmployee.xcdatamodel; sourceTree = "<group>"; };
		5BF99C4223942A0800399ABC /* Assets.xcassets */ = {isa = PBXFileReference; lastKnownFileType = folder.assetcatalog; path = Assets.xcassets; sourceTree = "<group>"; };
		5BF99C4523942A0800399ABC /* Base */ = {isa = PBXFileReference; lastKnownFileType = file.storyboard; name = Base; path = Base.lproj/LaunchScreen.storyboard; sourceTree = "<group>"; };
		5BF99C4723942A0800399ABC /* Info.plist */ = {isa = PBXFileReference; lastKnownFileType = text.plist.xml; path = Info.plist; sourceTree = "<group>"; };
		5BF99C5023942ACA00399ABC /* Employee.swift */ = {isa = PBXFileReference; lastKnownFileType = sourcecode.swift; path = Employee.swift; sourceTree = "<group>"; };
		5BF99C5223942C1800399ABC /* DBEmployee.swift */ = {isa = PBXFileReference; lastKnownFileType = sourcecode.swift; path = DBEmployee.swift; sourceTree = "<group>"; };
/* End PBXFileReference section */

/* Begin PBXFrameworksBuildPhase section */
		5BF99C3023942A0300399ABC /* Frameworks */ = {
			isa = PBXFrameworksBuildPhase;
			buildActionMask = 2147483647;
			files = (
			);
			runOnlyForDeploymentPostprocessing = 0;
		};
/* End PBXFrameworksBuildPhase section */

/* Begin PBXGroup section */
		5BF99C2A23942A0300399ABC = {
			isa = PBXGroup;
			children = (
				5BF99C3523942A0300399ABC /* KGIEmployee */,
				5BF99C3423942A0300399ABC /* Products */,
			);
			sourceTree = "<group>";
		};
		5BF99C3423942A0300399ABC /* Products */ = {
			isa = PBXGroup;
			children = (
				5BF99C3323942A0300399ABC /* KGIEmployee.app */,
			);
			name = Products;
			sourceTree = "<group>";
		};
		5BF99C3523942A0300399ABC /* KGIEmployee */ = {
			isa = PBXGroup;
			children = (
				5BF99C4F23942A7B00399ABC /* Views */,
				5BF99C4E23942A6300399ABC /* Controllers */,
				5BF99C4D23942A5300399ABC /* Models */,
				5BF99C3623942A0300399ABC /* AppDelegate.swift */,
				5BF99C3823942A0300399ABC /* SceneDelegate.swift */,
				5BF99C3C23942A0300399ABC /* Main.storyboard */,
				5BF99C4223942A0800399ABC /* Assets.xcassets */,
				5BF99C4423942A0800399ABC /* LaunchScreen.storyboard */,
				5BF99C4723942A0800399ABC /* Info.plist */,
				5BF99C3F23942A0300399ABC /* KGIEmployee.xcdatamodeld */,
			);
			path = KGIEmployee;
			sourceTree = "<group>";
		};
		5BF99C4D23942A5300399ABC /* Models */ = {
			isa = PBXGroup;
			children = (
				5BF99C5023942ACA00399ABC /* Employee.swift */,
			);
			path = Models;
			sourceTree = "<group>";
		};
		5BF99C4E23942A6300399ABC /* Controllers */ = {
			isa = PBXGroup;
			children = (
				5BF99C3A23942A0300399ABC /* Home.swift */,
				5BF99C5223942C1800399ABC /* DBEmployee.swift */,
			);
			path = Controllers;
			sourceTree = "<group>";
		};
		5BF99C4F23942A7B00399ABC /* Views */ = {
			isa = PBXGroup;
			children = (
				5B38FD9D2394B3DF003025B7 /* EmployeeCollectionViewCell.swift */,
			);
			path = Views;
			sourceTree = "<group>";
		};
/* End PBXGroup section */

/* Begin PBXNativeTarget section */
		5BF99C3223942A0300399ABC /* KGIEmployee */ = {
			isa = PBXNativeTarget;
			buildConfigurationList = 5BF99C4A23942A0800399ABC /* Build configuration list for PBXNativeTarget "KGIEmployee" */;
			buildPhases = (
				5BF99C2F23942A0300399ABC /* Sources */,
				5BF99C3023942A0300399ABC /* Frameworks */,
				5BF99C3123942A0300399ABC /* Resources */,
			);
			buildRules = (
			);
			dependencies = (
			);
			name = KGIEmployee;
			productName = KGIEmployee;
			productReference = 5BF99C3323942A0300399ABC /* KGIEmployee.app */;
			productType = "com.apple.product-type.application";
		};
/* End PBXNativeTarget section */

/* Begin PBXProject section */
		5BF99C2B23942A0300399ABC /* Project object */ = {
			isa = PBXProject;
			attributes = {
				LastSwiftUpdateCheck = 1120;
				LastUpgradeCheck = 1120;
				ORGANIZATIONNAME = boopbayssoftware;
				TargetAttributes = {
					5BF99C3223942A0300399ABC = {
						CreatedOnToolsVersion = 11.2.1;
					};
				};
			};
			buildConfigurationList = 5BF99C2E23942A0300399ABC /* Build configuration list for PBXProject "KGIEmployee" */;
			compatibilityVersion = "Xcode 9.3";
			developmentRegion = en;
			hasScannedForEncodings = 0;
			knownRegions = (
				en,
				Base,
			);
			mainGroup = 5BF99C2A23942A0300399ABC;
			productRefGroup = 5BF99C3423942A0300399ABC /* Products */;
			projectDirPath = "";
			projectRoot = "";
			targets = (
				5BF99C3223942A0300399ABC /* KGIEmployee */,
			);
		};
/* End PBXProject section */

/* Begin PBXResourcesBuildPhase section */
		5BF99C3123942A0300399ABC /* Resources */ = {
			isa = PBXResourcesBuildPhase;
			buildActionMask = 2147483647;
			files = (
				5BF99C4623942A0800399ABC /* LaunchScreen.storyboard in Resources */,
				5BF99C4323942A0800399ABC /* Assets.xcassets in Resources */,
				5BF99C3E23942A0300399ABC /* Main.storyboard in Resources */,
			);
			runOnlyForDeploymentPostprocessing = 0;
		};
/* End PBXResourcesBuildPhase section */

/* Begin PBXSourcesBuildPhase section */
		5BF99C2F23942A0300399ABC /* Sources */ = {
			isa = PBXSourcesBuildPhase;
			buildActionMask = 2147483647;
			files = (
				5BF99C3B23942A0300399ABC /* Home.swift in Sources */,
				5BF99C5323942C1800399ABC /* DBEmployee.swift in Sources */,
				5BF99C3723942A0300399ABC /* AppDelegate.swift in Sources */,
				5BF99C3923942A0300399ABC /* SceneDelegate.swift in Sources */,
				5BF99C5123942ACA00399ABC /* Employee.swift in Sources */,
				5BF99C4123942A0300399ABC /* KGIEmployee.xcdatamodeld in Sources */,
				5B38FD9E2394B3DF003025B7 /* EmployeeCollectionViewCell.swift in Sources */,
			);
			runOnlyForDeploymentPostprocessing = 0;
		};
/* End PBXSourcesBuildPhase section */

/* Begin PBXVariantGroup section */
		5BF99C3C23942A0300399ABC /* Main.storyboard */ = {
			isa = PBXVariantGroup;
			children = (
				5BF99C3D23942A0300399ABC /* Base */,
			);
			name = Main.storyboard;
			sourceTree = "<group>";
		};
		5BF99C4423942A0800399ABC /* LaunchScreen.storyboard */ = {
			isa = PBXVariantGroup;
			children = (
				5BF99C4523942A0800399ABC /* Base */,
			);
			name = LaunchScreen.storyboard;
			sourceTree = "<group>";
		};
/* End PBXVariantGroup section */

/* Begin XCBuildConfiguration section */
		5BF99C4823942A0800399ABC /* Debug */ = {
			isa = XCBuildConfiguration;
			buildSettings = {
				ALWAYS_SEARCH_USER_PATHS = NO;
				CLANG_ANALYZER_NONNULL = YES;
				CLANG_ANALYZER_NUMBER_OBJECT_CONVERSION = YES_AGGRESSIVE;
				CLANG_CXX_LANGUAGE_STANDARD = "gnu++14";
				CLANG_CXX_LIBRARY = "libc++";
				CLANG_ENABLE_MODULES = YES;
				CLANG_ENABLE_OBJC_ARC = YES;
				CLANG_ENABLE_OBJC_WEAK = YES;
				CLANG_WARN_BLOCK_CAPTURE_AUTORELEASING = YES;
				CLANG_WARN_BOOL_CONVERSION = YES;
				CLANG_WARN_COMMA = YES;
				CLANG_WARN_CONSTANT_CONVERSION = YES;
				CLANG_WARN_DEPRECATED_OBJC_IMPLEMENTATIONS = YES;
				CLANG_WARN_DIRECT_OBJC_ISA_USAGE = YES_ERROR;
				CLANG_WARN_DOCUMENTATION_COMMENTS = YES;
				CLANG_WARN_EMPTY_BODY = YES;
				CLANG_WARN_ENUM_CONVERSION = YES;
				CLANG_WARN_INFINITE_RECURSION = YES;
				CLANG_WARN_INT_CONVERSION = YES;
				CLANG_WARN_NON_LITERAL_NULL_CONVERSION = YES;
				CLANG_WARN_OBJC_IMPLICIT_RETAIN_SELF = YES;
				CLANG_WARN_OBJC_LITERAL_CONVERSION = YES;
				CLANG_WARN_OBJC_ROOT_CLASS = YES_ERROR;
				CLANG_WARN_RANGE_LOOP_ANALYSIS = YES;
				CLANG_WARN_STRICT_PROTOTYPES = YES;
				CLANG_WARN_SUSPICIOUS_MOVE = YES;
				CLANG_WARN_UNGUARDED_AVAILABILITY = YES_AGGRESSIVE;
				CLANG_WARN_UNREACHABLE_CODE = YES;
				CLANG_WARN__DUPLICATE_METHOD_MATCH = YES;
				COPY_PHASE_STRIP = NO;
				DEBUG_INFORMATION_FORMAT = dwarf;
				ENABLE_STRICT_OBJC_MSGSEND = YES;
				ENABLE_TESTABILITY = YES;
				GCC_C_LANGUAGE_STANDARD = gnu11;
				GCC_DYNAMIC_NO_PIC = NO;
				GCC_NO_COMMON_BLOCKS = YES;
				GCC_OPTIMIZATION_LEVEL = 0;
				GCC_PREPROCESSOR_DEFINITIONS = (
					"DEBUG=1",
					"$(inherited)",
				);
				GCC_WARN_64_TO_32_BIT_CONVERSION = YES;
				GCC_WARN_ABOUT_RETURN_TYPE = YES_ERROR;
				GCC_WARN_UNDECLARED_SELECTOR = YES;
				GCC_WARN_UNINITIALIZED_AUTOS = YES_AGGRESSIVE;
				GCC_WARN_UNUSED_FUNCTION = YES;
				GCC_WARN_UNUSED_VARIABLE = YES;
				IPHONEOS_DEPLOYMENT_TARGET = 13.2;
				MTL_ENABLE_DEBUG_INFO = INCLUDE_SOURCE;
				MTL_FAST_MATH = YES;
				ONLY_ACTIVE_ARCH = YES;
				SDKROOT = iphoneos;
				SWIFT_ACTIVE_COMPILATION_CONDITIONS = DEBUG;
				SWIFT_OPTIMIZATION_LEVEL = "-Onone";
			};
			name = Debug;
		};
		5BF99C4923942A0800399ABC /* Release */ = {
			isa = XCBuildConfiguration;
			buildSettings = {
				ALWAYS_SEARCH_USER_PATHS = NO;
				CLANG_ANALYZER_NONNULL = YES;
				CLANG_ANALYZER_NUMBER_OBJECT_CONVERSION = YES_AGGRESSIVE;
				CLANG_CXX_LANGUAGE_STANDARD = "gnu++14";
				CLANG_CXX_LIBRARY = "libc++";
				CLANG_ENABLE_MODULES = YES;
				CLANG_ENABLE_OBJC_ARC = YES;
				CLANG_ENABLE_OBJC_WEAK = YES;
				CLANG_WARN_BLOCK_CAPTURE_AUTORELEASING = YES;
				CLANG_WARN_BOOL_CONVERSION = YES;
				CLANG_WARN_COMMA = YES;
				CLANG_WARN_CONSTANT_CONVERSION = YES;
				CLANG_WARN_DEPRECATED_OBJC_IMPLEMENTATIONS = YES;
				CLANG_WARN_DIRECT_OBJC_ISA_USAGE = YES_ERROR;
				CLANG_WARN_DOCUMENTATION_COMMENTS = YES;
				CLANG_WARN_EMPTY_BODY = YES;
				CLANG_WARN_ENUM_CONVERSION = YES;
				CLANG_WARN_INFINITE_RECURSION = YES;
				CLANG_WARN_INT_CONVERSION = YES;
				CLANG_WARN_NON_LITERAL_NULL_CONVERSION = YES;
				CLANG_WARN_OBJC_IMPLICIT_RETAIN_SELF = YES;
				CLANG_WARN_OBJC_LITERAL_CONVERSION = YES;
				CLANG_WARN_OBJC_ROOT_CLASS = YES_ERROR;
				CLANG_WARN_RANGE_LOOP_ANALYSIS = YES;
				CLANG_WARN_STRICT_PROTOTYPES = YES;
				CLANG_WARN_SUSPICIOUS_MOVE = YES;
				CLANG_WARN_UNGUARDED_AVAILABILITY = YES_AGGRESSIVE;
				CLANG_WARN_UNREACHABLE_CODE = YES;
				CLANG_WARN__DUPLICATE_METHOD_MATCH = YES;
				COPY_PHASE_STRIP = NO;
				DEBUG_INFORMATION_FORMAT = "dwarf-with-dsym";
				ENABLE_NS_ASSERTIONS = NO;
				ENABLE_STRICT_OBJC_MSGSEND = YES;
				GCC_C_LANGUAGE_STANDARD = gnu11;
				GCC_NO_COMMON_BLOCKS = YES;
				GCC_WARN_64_TO_32_BIT_CONVERSION = YES;
				GCC_WARN_ABOUT_RETURN_TYPE = YES_ERROR;
				GCC_WARN_UNDECLARED_SELECTOR = YES;
				GCC_WARN_UNINITIALIZED_AUTOS = YES_AGGRESSIVE;
				GCC_WARN_UNUSED_FUNCTION = YES;
				GCC_WARN_UNUSED_VARIABLE = YES;
				IPHONEOS_DEPLOYMENT_TARGET = 13.2;
				MTL_ENABLE_DEBUG_INFO = NO;
				MTL_FAST_MATH = YES;
				SDKROOT = iphoneos;
				SWIFT_COMPILATION_MODE = wholemodule;
				SWIFT_OPTIMIZATION_LEVEL = "-O";
				VALIDATE_PRODUCT = YES;
			};
			name = Release;
		};
		5BF99C4B23942A0800399ABC /* Debug */ = {
			isa = XCBuildConfiguration;
			buildSettings = {
				ASSETCATALOG_COMPILER_APPICON_NAME = AppIcon;
				CODE_SIGN_STYLE = Automatic;
				INFOPLIST_FILE = KGIEmployee/Info.plist;
				LD_RUNPATH_SEARCH_PATHS = (
					"$(inherited)",
					"@executable_path/Frameworks",
				);
				PRODUCT_BUNDLE_IDENTIFIER = archieangeles.boopbaysoftware.KGIEmployee;
				PRODUCT_NAME = "$(TARGET_NAME)";
				SWIFT_VERSION = 5.0;
				TARGETED_DEVICE_FAMILY = "1,2";
			};
			name = Debug;
		};
		5BF99C4C23942A0800399ABC /* Release */ = {
			isa = XCBuildConfiguration;
			buildSettings = {
				ASSETCATALOG_COMPILER_APPICON_NAME = AppIcon;
				CODE_SIGN_STYLE = Automatic;
				INFOPLIST_FILE = KGIEmployee/Info.plist;
				LD_RUNPATH_SEARCH_PATHS = (
					"$(inherited)",
					"@executable_path/Frameworks",
				);
				PRODUCT_BUNDLE_IDENTIFIER = archieangeles.boopbaysoftware.KGIEmployee;
				PRODUCT_NAME = "$(TARGET_NAME)";
				SWIFT_VERSION = 5.0;
				TARGETED_DEVICE_FAMILY = "1,2";
			};
			name = Release;
		};
/* End XCBuildConfiguration section */

/* Begin XCConfigurationList section */
		5BF99C2E23942A0300399ABC /* Build configuration list for PBXProject "KGIEmployee" */ = {
			isa = XCConfigurationList;
			buildConfigurations = (
				5BF99C4823942A0800399ABC /* Debug */,
				5BF99C4923942A0800399ABC /* Release */,
			);
			defaultConfigurationIsVisible = 0;
			defaultConfigurationName = Release;
		};
		5BF99C4A23942A0800399ABC /* Build configuration list for PBXNativeTarget "KGIEmployee" */ = {
			isa = XCConfigurationList;
			buildConfigurations = (
				5BF99C4B23942A0800399ABC /* Debug */,
				5BF99C4C23942A0800399ABC /* Release */,
			);
			defaultConfigurationIsVisible = 0;
			defaultConfigurationName = Release;
		};
/* End XCConfigurationList section */

/* Begin XCVersionGroup section */
		5BF99C3F23942A0300399ABC /* KGIEmployee.xcdatamodeld */ = {
			isa = XCVersionGroup;
			children = (
				5BF99C4023942A0300399ABC /* KGIEmployee.xcdatamodel */,
			);
			currentVersion = 5BF99C4023942A0300399ABC /* KGIEmployee.xcdatamodel */;
			path = KGIEmployee.xcdatamodeld;
			sourceTree = "<group>";
			versionGroupType = wrapper.xcdatamodel;
		};
/* End XCVersionGroup section */
	};
	rootObject = 5BF99C2B23942A0300399ABC /* Project object */;
}
